
Microsoft Visual Studio Solution File, Format Version 12.00
# Visual Studio Version 17
VisualStudioVersion = 17.11.35327.3
MinimumVisualStudioVersion = 10.0.40219.1
Project("{FAE04EC0-301F-11D3-BF4B-00C04F79EFBC}") = "AV1-vjezba", "AV1-vjezba.csproj", "{34D54951-FCF8-4D4F-99C6-55CFD5873727}"
EndProject
Global
	GlobalSection(SolutionConfigurationPlatforms) = preSolution
		Debug|Any CPU = Debug|Any CPU
		Release|Any CPU = Release|Any CPU
	EndGlobalSection
	GlobalSection(ProjectConfigurationPlatforms) = postSolution
		{34D54951-FCF8-4D4F-99C6-55CFD5873727}.Debug|Any CPU.ActiveCfg = Debug|Any CPU
		{34D54951-FCF8-4D4F-99C6-55CFD5873727}.Debug|Any CPU.Build.0 = Debug|Any CPU
		{34D54951-FCF8-4D4F-99C6-55CFD5873727}.Release|Any CPU.ActiveCfg = Release|Any CPU
		{34D54951-FCF8-4D4F-99C6-55CFD5873727}.Release|Any CPU.Build.0 = Release|Any CPU
	EndGlobalSection
	GlobalSection(SolutionProperties) = preSolution
		HideSolutionNode = FALSE
	EndGlobalSection
	GlobalSection(ExtensibilityGlobals) = postSolution
		SolutionGuid = {1C09860C-FDDC-4A04-87A5-54D560777500}
	EndGlobalSection
EndGlobal
